
Microsoft Visual Studio Solution File, Format Version 12.00
# Visual Studio 15
VisualStudioVersion = 15.0.27703.2026
MinimumVisualStudioVersion = 10.0.40219.1
Project("{FAE04EC0-301F-11D3-BF4B-00C04F79EFBC}") = "MediatrAPI", "MediatrAPI\MediatrAPI.csproj", "{B85D4F4A-272F-4309-9D70-A13498A05FA7}"
EndProject
Global
	GlobalSection(SolutionConfigurationPlatforms) = preSolution
		Debug|Any CPU = Debug|Any CPU
		Release|Any CPU = Release|Any CPU
	EndGlobalSection
	GlobalSection(ProjectConfigurationPlatforms) = postSolution
		{B85D4F4A-272F-4309-9D70-A13498A05FA7}.Debug|Any CPU.ActiveCfg = Debug|Any CPU
		{B85D4F4A-272F-4309-9D70-A13498A05FA7}.Debug|Any CPU.Build.0 = Debug|Any CPU
		{B85D4F4A-272F-4309-9D70-A13498A05FA7}.Release|Any CPU.ActiveCfg = Release|Any CPU
		{B85D4F4A-272F-4309-9D70-A13498A05FA7}.Release|Any CPU.Build.0 = Release|Any CPU
	EndGlobalSection
	GlobalSection(SolutionProperties) = preSolution
		HideSolutionNode = FALSE
	EndGlobalSection
	GlobalSection(ExtensibilityGlobals) = postSolution
		SolutionGuid = {01F64029-284D-41EB-8164-E6B5C98450CB}
	EndGlobalSection
EndGlobal
